
Microsoft Visual Studio Solution File, Format Version 12.00
# Visual Studio 15
VisualStudioVersion = 15.0.27703.2000
MinimumVisualStudioVersion = 10.0.40219.1
Project("{FAE04EC0-301F-11D3-BF4B-00C04F79EFBC}") = "ProyectoBDD1_WEB", "ProyectoBDD1_WEB\ProyectoBDD1_WEB.csproj", "{C6168DDE-D81E-493B-908F-63564417EC1F}"
EndProject
Global
	GlobalSection(SolutionConfigurationPlatforms) = preSolution
		Debug|Any CPU = Debug|Any CPU
		Release|Any CPU = Release|Any CPU
	EndGlobalSection
	GlobalSection(ProjectConfigurationPlatforms) = postSolution
		{C6168DDE-D81E-493B-908F-63564417EC1F}.Debug|Any CPU.ActiveCfg = Debug|Any CPU
		{C6168DDE-D81E-493B-908F-63564417EC1F}.Debug|Any CPU.Build.0 = Debug|Any CPU
		{C6168DDE-D81E-493B-908F-63564417EC1F}.Release|Any CPU.ActiveCfg = Release|Any CPU
		{C6168DDE-D81E-493B-908F-63564417EC1F}.Release|Any CPU.Build.0 = Release|Any CPU
	EndGlobalSection
	GlobalSection(SolutionProperties) = preSolution
		HideSolutionNode = FALSE
	EndGlobalSection
	GlobalSection(ExtensibilityGlobals) = postSolution
		SolutionGuid = {694354B2-52B2-44A1-95B3-C1B97BA5F893}
	EndGlobalSection
EndGlobal
